
Microsoft Visual Studio Solution File, Format Version 12.00
# Visual Studio Version 16
VisualStudioVersion = 16.0.30804.86
MinimumVisualStudioVersion = 10.0.40219.1
Project("{FAE04EC0-301F-11D3-BF4B-00C04F79EFBC}") = "CosmosDbExample", "CosmosDbExample\CosmosDbExample.csproj", "{13EB4401-9484-45C6-94E2-3113CCB14B94}"
EndProject
Global
	GlobalSection(SolutionConfigurationPlatforms) = preSolution
		Debug|Any CPU = Debug|Any CPU
		Release|Any CPU = Release|Any CPU
	EndGlobalSection
	GlobalSection(ProjectConfigurationPlatforms) = postSolution
		{13EB4401-9484-45C6-94E2-3113CCB14B94}.Debug|Any CPU.ActiveCfg = Debug|Any CPU
		{13EB4401-9484-45C6-94E2-3113CCB14B94}.Debug|Any CPU.Build.0 = Debug|Any CPU
		{13EB4401-9484-45C6-94E2-3113CCB14B94}.Release|Any CPU.ActiveCfg = Release|Any CPU
		{13EB4401-9484-45C6-94E2-3113CCB14B94}.Release|Any CPU.Build.0 = Release|Any CPU
	EndGlobalSection
	GlobalSection(SolutionProperties) = preSolution
		HideSolutionNode = FALSE
	EndGlobalSection
	GlobalSection(ExtensibilityGlobals) = postSolution
		SolutionGuid = {D61F1E27-8782-4A58-9286-949B3F88DFF7}
	EndGlobalSection
EndGlobal
